PODS:
  - BmobSDK (1.6.6)
  - IQKeyboardManager (3.2.0.3)
  - RESideMenu (4.0.7)
  - SDWebImage (3.7.3):
    - SDWebImage/Core (= 3.7.3)
  - SDWebImage/Core (3.7.3)
  - SVProgressHUD (1.1.3)

DEPENDENCIES:
  - BmobSDK
  - IQKeyboardManager (= 3.2.0.3)
  - RESideMenu
  - SDWebImage
  - SVProgressHUD

SPEC CHECKSUMS:
  BmobSDK: c896d4ff3986f2b4fc8406fb2b801230f7419878
  IQKeyboardManager: 7b071d1284b47b1c0c19891a042c2c65f118fa85
  RESideMenu: f24c508404b49c667344c54aba7e590883533958
  SDWebImage: 1d2b1a1efda1ade1b00b6f8498865f8ddedc8a84
  SVProgressHUD: 748080e4f36e603f6c02aec292664239df5279c1

COCOAPODS: 0.39.0
